
Microsoft Visual Studio Solution File, Format Version 12.00
# Visual Studio Version 16
VisualStudioVersion = 16.0.29806.167
MinimumVisualStudioVersion = 10.0.40219.1
Project("{FAE04EC0-301F-11D3-BF4B-00C04F79EFBC}") = "console1", "console1\console1.csproj", "{AC6CE049-8DA1-4635-B6B7-3A52BCE2BBAE}"
EndProject
Global
	GlobalSection(SolutionConfigurationPlatforms) = preSolution
		Debug|Any CPU = Debug|Any CPU
		Release|Any CPU = Release|Any CPU
	EndGlobalSection
	GlobalSection(ProjectConfigurationPlatforms) = postSolution
		{AC6CE049-8DA1-4635-B6B7-3A52BCE2BBAE}.Debug|Any CPU.ActiveCfg = Debug|Any CPU
		{AC6CE049-8DA1-4635-B6B7-3A52BCE2BBAE}.Debug|Any CPU.Build.0 = Debug|Any CPU
		{AC6CE049-8DA1-4635-B6B7-3A52BCE2BBAE}.Release|Any CPU.ActiveCfg = Release|Any CPU
		{AC6CE049-8DA1-4635-B6B7-3A52BCE2BBAE}.Release|Any CPU.Build.0 = Release|Any CPU
	EndGlobalSection
	GlobalSection(SolutionProperties) = preSolution
		HideSolutionNode = FALSE
	EndGlobalSection
	GlobalSection(ExtensibilityGlobals) = postSolution
		SolutionGuid = {9DCF236A-51DB-45CD-BCBB-E93CA65F0B19}
	EndGlobalSection
EndGlobal
